
Microsoft Visual Studio Solution File, Format Version 12.00
# Visual Studio Version 17
VisualStudioVersion = 17.6.33723.286
MinimumVisualStudioVersion = 10.0.40219.1
Project("{FAE04EC0-301F-11D3-BF4B-00C04F79EFBC}") = "Led.ContaCorrente.Api", "Led.ContaCorrente.Api\Led.ContaCorrente.Api.csproj", "{B4DC6EB9-3CDE-4618-AEB5-A2D112324992}"
EndProject
Project("{FAE04EC0-301F-11D3-BF4B-00C04F79EFBC}") = "Led.ContaCorrente.Domain", "Led.ContaCorrente.Domain\Led.ContaCorrente.Domain.csproj", "{BD371AB6-E825-459D-9074-4812131C4901}"
EndProject
Project("{FAE04EC0-301F-11D3-BF4B-00C04F79EFBC}") = "Led.ContaCorrente.DomainService", "Led.ContaCorrente.DomainService\Led.ContaCorrente.DomainService.csproj", "{5D19703C-7A2F-47B1-B6EA-DEFDFA402548}"
EndProject
Global
	GlobalSection(SolutionConfigurationPlatforms) = preSolution
		Debug|Any CPU = Debug|Any CPU
		Release|Any CPU = Release|Any CPU
	EndGlobalSection
	GlobalSection(ProjectConfigurationPlatforms) = postSolution
		{B4DC6EB9-3CDE-4618-AEB5-A2D112324992}.Debug|Any CPU.ActiveCfg = Debug|Any CPU
		{B4DC6EB9-3CDE-4618-AEB5-A2D112324992}.Debug|Any CPU.Build.0 = Debug|Any CPU
		{B4DC6EB9-3CDE-4618-AEB5-A2D112324992}.Release|Any CPU.ActiveCfg = Release|Any CPU
		{B4DC6EB9-3CDE-4618-AEB5-A2D112324992}.Release|Any CPU.Build.0 = Release|Any CPU
		{BD371AB6-E825-459D-9074-4812131C4901}.Debug|Any CPU.ActiveCfg = Debug|Any CPU
		{BD371AB6-E825-459D-9074-4812131C4901}.Debug|Any CPU.Build.0 = Debug|Any CPU
		{BD371AB6-E825-459D-9074-4812131C4901}.Release|Any CPU.ActiveCfg = Release|Any CPU
		{BD371AB6-E825-459D-9074-4812131C4901}.Release|Any CPU.Build.0 = Release|Any CPU
		{5D19703C-7A2F-47B1-B6EA-DEFDFA402548}.Debug|Any CPU.ActiveCfg = Debug|Any CPU
		{5D19703C-7A2F-47B1-B6EA-DEFDFA402548}.Debug|Any CPU.Build.0 = Debug|Any CPU
		{5D19703C-7A2F-47B1-B6EA-DEFDFA402548}.Release|Any CPU.ActiveCfg = Release|Any CPU
		{5D19703C-7A2F-47B1-B6EA-DEFDFA402548}.Release|Any CPU.Build.0 = Release|Any CPU
	EndGlobalSection
	GlobalSection(SolutionProperties) = preSolution
		HideSolutionNode = FALSE
	EndGlobalSection
	GlobalSection(ExtensibilityGlobals) = postSolution
		SolutionGuid = {CAF550D2-27A2-4E39-B490-969A5C4ADA41}
	EndGlobalSection
EndGlobal
