
Microsoft Visual Studio Solution File, Format Version 12.00
# Visual Studio Version 17
VisualStudioVersion = 17.6.33723.286
MinimumVisualStudioVersion = 10.0.40219.1
Project("{9A19103F-16F7-4668-BE54-9A1E7A4F7556}") = "Led.ContaCorrente.Api", "Led.ContaCorrente.Api\Led.ContaCorrente.Api.csproj", "{B4DC6EB9-3CDE-4618-AEB5-A2D112324992}"
EndProject
Project("{9A19103F-16F7-4668-BE54-9A1E7A4F7556}") = "Led.ContaCorrente.Domain", "Led.ContaCorrente.Domain\Led.ContaCorrente.Domain.csproj", "{BD371AB6-E825-459D-9074-4812131C4901}"
EndProject
Project("{9A19103F-16F7-4668-BE54-9A1E7A4F7556}") = "Led.ContaCorrente.DomainService", "Led.ContaCorrente.DomainService\Led.ContaCorrente.DomainService.csproj", "{5D19703C-7A2F-47B1-B6EA-DEFDFA402548}"
EndProject
Project("{2150E333-8FDC-42A3-9474-1A3956D46DE8}") = "05 - Tests", "05 - Tests", "{E6D5CF67-7EE8-4DFA-A2BE-D1CEAB2BFAE0}"
EndProject
Project("{9A19103F-16F7-4668-BE54-9A1E7A4F7556}") = "Led.ContaCorrente.Test", "Led.ContaCorrente.Test\Led.ContaCorrente.Test.csproj", "{A2875FE2-2E9D-46F6-9676-3E82B2462ADE}"
EndProject
Project("{9A19103F-16F7-4668-BE54-9A1E7A4F7556}") = "Led.ContaCorrente.DomainRepository", "Led.ContaCorrente.DomainRepository\Led.ContaCorrente.DomainRepository.csproj", "{B30BBB9F-1B55-4528-8B6A-0488F13574C2}"
EndProject
Project("{2150E333-8FDC-42A3-9474-1A3956D46DE8}") = "00-SolutionItens", "00-SolutionItens", "{092E6DBF-D6E5-4828-A89B-5F614F0478FE}"
	ProjectSection(SolutionItems) = preProject
		README.md = README.md
	EndProjectSection
EndProject
Global
	GlobalSection(SolutionConfigurationPlatforms) = preSolution
		Debug|Any CPU = Debug|Any CPU
		Release|Any CPU = Release|Any CPU
	EndGlobalSection
	GlobalSection(ProjectConfigurationPlatforms) = postSolution
		{B4DC6EB9-3CDE-4618-AEB5-A2D112324992}.Debug|Any CPU.ActiveCfg = Debug|Any CPU
		{B4DC6EB9-3CDE-4618-AEB5-A2D112324992}.Debug|Any CPU.Build.0 = Debug|Any CPU
		{B4DC6EB9-3CDE-4618-AEB5-A2D112324992}.Release|Any CPU.ActiveCfg = Release|Any CPU
		{B4DC6EB9-3CDE-4618-AEB5-A2D112324992}.Release|Any CPU.Build.0 = Release|Any CPU
		{BD371AB6-E825-459D-9074-4812131C4901}.Debug|Any CPU.ActiveCfg = Debug|Any CPU
		{BD371AB6-E825-459D-9074-4812131C4901}.Debug|Any CPU.Build.0 = Debug|Any CPU
		{BD371AB6-E825-459D-9074-4812131C4901}.Release|Any CPU.ActiveCfg = Release|Any CPU
		{BD371AB6-E825-459D-9074-4812131C4901}.Release|Any CPU.Build.0 = Release|Any CPU
		{5D19703C-7A2F-47B1-B6EA-DEFDFA402548}.Debug|Any CPU.ActiveCfg = Debug|Any CPU
		{5D19703C-7A2F-47B1-B6EA-DEFDFA402548}.Debug|Any CPU.Build.0 = Debug|Any CPU
		{5D19703C-7A2F-47B1-B6EA-DEFDFA402548}.Release|Any CPU.ActiveCfg = Release|Any CPU
		{5D19703C-7A2F-47B1-B6EA-DEFDFA402548}.Release|Any CPU.Build.0 = Release|Any CPU
		{A2875FE2-2E9D-46F6-9676-3E82B2462ADE}.Debug|Any CPU.ActiveCfg = Debug|Any CPU
		{A2875FE2-2E9D-46F6-9676-3E82B2462ADE}.Debug|Any CPU.Build.0 = Debug|Any CPU
		{A2875FE2-2E9D-46F6-9676-3E82B2462ADE}.Release|Any CPU.ActiveCfg = Release|Any CPU
		{A2875FE2-2E9D-46F6-9676-3E82B2462ADE}.Release|Any CPU.Build.0 = Release|Any CPU
		{B30BBB9F-1B55-4528-8B6A-0488F13574C2}.Debug|Any CPU.ActiveCfg = Debug|Any CPU
		{B30BBB9F-1B55-4528-8B6A-0488F13574C2}.Debug|Any CPU.Build.0 = Debug|Any CPU
		{B30BBB9F-1B55-4528-8B6A-0488F13574C2}.Release|Any CPU.ActiveCfg = Release|Any CPU
		{B30BBB9F-1B55-4528-8B6A-0488F13574C2}.Release|Any CPU.Build.0 = Release|Any CPU
	EndGlobalSection
	GlobalSection(SolutionProperties) = preSolution
		HideSolutionNode = FALSE
	EndGlobalSection
	GlobalSection(NestedProjects) = preSolution
		{A2875FE2-2E9D-46F6-9676-3E82B2462ADE} = {E6D5CF67-7EE8-4DFA-A2BE-D1CEAB2BFAE0}
	EndGlobalSection
	GlobalSection(ExtensibilityGlobals) = postSolution
		SolutionGuid = {CAF550D2-27A2-4E39-B490-969A5C4ADA41}
	EndGlobalSection
EndGlobal
